lockfileVersion: '9.0'

settings:
  autoInstallPeers: true
  excludeLinksFromLockfile: false

importers:

  .:
    devDependencies:
      '@biomejs/biome':
        specifier: ^1.9.4
        version: 1.9.4
      '@types/node':
        specifier: ^22.15.30
        version: 22.15.32
      oxlint:
        specifier: ^1.1.0
        version: 1.1.0
      typescript:
        specifier: ^5.8.3
        version: 5.8.3

packages:

  '@biomejs/biome@1.9.4':
    resolution: {integrity: sha512-1rkd7G70+o9KkTn5KLmDYXihGoTaIGO9PIIN2ZB7UJxFrWw04CZHPYiMRjYsaDvVV7hP1dYNRLxSANLaBFGpog==}
    engines: {node: '>=14.21.3'}
    hasBin: true

  '@biomejs/cli-darwin-arm64@1.9.4':
    resolution: {integrity: sha512-bFBsPWrNvkdKrNCYeAp+xo2HecOGPAy9WyNyB/jKnnedgzl4W4Hb9ZMzYNbf8dMCGmUdSavlYHiR01QaYR58cw==}
    engines: {node: '>=14.21.3'}
    cpu: [arm64]
    os: [darwin]

  '@biomejs/cli-darwin-x64@1.9.4':
    resolution: {integrity: sha512-ngYBh/+bEedqkSevPVhLP4QfVPCpb+4BBe2p7Xs32dBgs7rh9nY2AIYUL6BgLw1JVXV8GlpKmb/hNiuIxfPfZg==}
    engines: {node: '>=14.21.3'}
    cpu: [x64]
    os: [darwin]

  '@biomejs/cli-linux-arm64-musl@1.9.4':
    resolution: {integrity: sha512-v665Ct9WCRjGa8+kTr0CzApU0+XXtRgwmzIf1SeKSGAv+2scAlW6JR5PMFo6FzqqZ64Po79cKODKf3/AAmECqA==}
    engines: {node: '>=14.21.3'}
    cpu: [arm64]
    os: [linux]

  '@biomejs/cli-linux-arm64@1.9.4':
    resolution: {integrity: sha512-fJIW0+LYujdjUgJJuwesP4EjIBl/N/TcOX3IvIHJQNsAqvV2CHIogsmA94BPG6jZATS4Hi+xv4SkBBQSt1N4/g==}
    engines: {node: '>=14.21.3'}
    cpu: [arm64]
    os: [linux]

  '@biomejs/cli-linux-x64-musl@1.9.4':
    resolution: {integrity: sha512-gEhi/jSBhZ2m6wjV530Yy8+fNqG8PAinM3oV7CyO+6c3CEh16Eizm21uHVsyVBEB6RIM8JHIl6AGYCv6Q6Q9Tg==}
    engines: {node: '>=14.21.3'}
    cpu: [x64]
    os: [linux]

  '@biomejs/cli-linux-x64@1.9.4':
    resolution: {integrity: sha512-lRCJv/Vi3Vlwmbd6K+oQ0KhLHMAysN8lXoCI7XeHlxaajk06u7G+UsFSO01NAs5iYuWKmVZjmiOzJ0OJmGsMwg==}
    engines: {node: '>=14.21.3'}
    cpu: [x64]
    os: [linux]

  '@biomejs/cli-win32-arm64@1.9.4':
    resolution: {integrity: sha512-tlbhLk+WXZmgwoIKwHIHEBZUwxml7bRJgk0X2sPyNR3S93cdRq6XulAZRQJ17FYGGzWne0fgrXBKpl7l4M87Hg==}
    engines: {node: '>=14.21.3'}
    cpu: [arm64]
    os: [win32]

  '@biomejs/cli-win32-x64@1.9.4':
    resolution: {integrity: sha512-8Y5wMhVIPaWe6jw2H+KlEm4wP/f7EW3810ZLmDlrEEy5KvBsb9ECEfu/kMWD484ijfQ8+nIi0giMgu9g1UAuuA==}
    engines: {node: '>=14.21.3'}
    cpu: [x64]
    os: [win32]

  '@oxlint/darwin-arm64@1.1.0':
    resolution: {integrity: sha512-sSnR3SOxIU/QfaqXrcQ0UVUkzJO0bcInQ7dMhHa102gVAgWjp1fBeMVCM0adEY0UNmEXrRkgD/rQtQgn9YAU+w==}
    cpu: [arm64]
    os: [darwin]

  '@oxlint/darwin-x64@1.1.0':
    resolution: {integrity: sha512-Jvd3fHnzY2OYbmsg9NSGPoBkGViDGHSFnBKyJQ9LOIw7lxAyQBG2Quxc3GYPFR/f9OYho9C3p4+dIaAJfKhnsw==}
    cpu: [x64]
    os: [darwin]

  '@oxlint/linux-arm64-gnu@1.1.0':
    resolution: {integrity: sha512-MgW4iskOdXuoR+wDXIJUfbdnTg2eo2FnQRaD6ZqhnDTDa7LnV+06rp/Cg3aGj2X9jSEcKDv/bMbYQuot7WRs6Q==}
    cpu: [arm64]
    os: [linux]

  '@oxlint/linux-arm64-musl@1.1.0':
    resolution: {integrity: sha512-a+pkEKmDRdrW+y0gtZ/m68ElVW2VZgATGbMxDgDYFpdiMx9Y0pUPwTMZ2EX/17Aslop4c1BiDSFDK7aEBxKR2g==}
    cpu: [arm64]
    os: [linux]

  '@oxlint/linux-x64-gnu@1.1.0':
    resolution: {integrity: sha512-wNBsXCKVZMvUTcFitrV1wTsdhUAv8l+XQxHxciZ2SO6dpNnWEb2YCxSAIOXeyzBLdO4pIODYcSy38CvGue7TwA==}
    cpu: [x64]
    os: [linux]

  '@oxlint/linux-x64-musl@1.1.0':
    resolution: {integrity: sha512-pZD0lt6A5j2Wp70fgIYk4GoPfKTZ8mHWamWIpKFT7aSkFkiOi6nhLWDFvMEIHWRTK3LgkWUNcnWPp4brvin4wQ==}
    cpu: [x64]
    os: [linux]

  '@oxlint/win32-arm64@1.1.0':
    resolution: {integrity: sha512-rT6uXQvE80+B+L04HJf30uF26426FPI9i9DAY2AxBUhrpNwhqkDEhQdd9ilFWVC7SSbpHgAs50lo+ImSAAkHPQ==}
    cpu: [arm64]
    os: [win32]

  '@oxlint/win32-x64@1.1.0':
    resolution: {integrity: sha512-x6r5yvM3wEty93Bx0NuNK+kutUyS/K55itkUrxdExoK6GcmVDboGGuhju9HyU2cM/IWLEWO8RHcXSyaxr9GR5g==}
    cpu: [x64]
    os: [win32]

  '@types/node@22.15.32':
    resolution: {integrity: sha512-3jigKqgSjsH6gYZv2nEsqdXfZqIFGAV36XYYjf9KGZ3PSG+IhLecqPnI310RvjutyMwifE2hhhNEklOUrvx/wA==}

  oxlint@1.1.0:
    resolution: {integrity: sha512-OVNpaoaQCUHHhCv5sYMPJ7Ts5k7ziw0QteH1gBSwF3elf/8GAew2Uh/0S7HsU1iGtjhlFy80+A8nwIb3Tq6m1w==}
    engines: {node: '>=8.*'}
    hasBin: true

  typescript@5.8.3:
    resolution: {integrity: sha512-p1diW6TqL9L07nNxvRMM7hMMw4c5XOo/1ibL4aAIGmSAt9slTE1Xgw5KWuof2uTOvCg9BY7ZRi+GaF+7sfgPeQ==}
    engines: {node: '>=14.17'}
    hasBin: true

  undici-types@6.21.0:
    resolution: {integrity: sha512-iwDZqg0QAGrg9Rav5H4n0M64c3mkR59cJ6wQp+7C4nI0gsmExaedaYLNO44eT4AtBBwjbTiGPMlt2Md0T9H9JQ==}

snapshots:

  '@biomejs/biome@1.9.4':
    optionalDependencies:
      '@biomejs/cli-darwin-arm64': 1.9.4
      '@biomejs/cli-darwin-x64': 1.9.4
      '@biomejs/cli-linux-arm64': 1.9.4
      '@biomejs/cli-linux-arm64-musl': 1.9.4
      '@biomejs/cli-linux-x64': 1.9.4
      '@biomejs/cli-linux-x64-musl': 1.9.4
      '@biomejs/cli-win32-arm64': 1.9.4
      '@biomejs/cli-win32-x64': 1.9.4

  '@biomejs/cli-darwin-arm64@1.9.4':
    optional: true

  '@biomejs/cli-darwin-x64@1.9.4':
    optional: true

  '@biomejs/cli-linux-arm64-musl@1.9.4':
    optional: true

  '@biomejs/cli-linux-arm64@1.9.4':
    optional: true

  '@biomejs/cli-linux-x64-musl@1.9.4':
    optional: true

  '@biomejs/cli-linux-x64@1.9.4':
    optional: true

  '@biomejs/cli-win32-arm64@1.9.4':
    optional: true

  '@biomejs/cli-win32-x64@1.9.4':
    optional: true

  '@oxlint/darwin-arm64@1.1.0':
    optional: true

  '@oxlint/darwin-x64@1.1.0':
    optional: true

  '@oxlint/linux-arm64-gnu@1.1.0':
    optional: true

  '@oxlint/linux-arm64-musl@1.1.0':
    optional: true

  '@oxlint/linux-x64-gnu@1.1.0':
    optional: true

  '@oxlint/linux-x64-musl@1.1.0':
    optional: true

  '@oxlint/win32-arm64@1.1.0':
    optional: true

  '@oxlint/win32-x64@1.1.0':
    optional: true

  '@types/node@22.15.32':
    dependencies:
      undici-types: 6.21.0

  oxlint@1.1.0:
    optionalDependencies:
      '@oxlint/darwin-arm64': 1.1.0
      '@oxlint/darwin-x64': 1.1.0
      '@oxlint/linux-arm64-gnu': 1.1.0
      '@oxlint/linux-arm64-musl': 1.1.0
      '@oxlint/linux-x64-gnu': 1.1.0
      '@oxlint/linux-x64-musl': 1.1.0
      '@oxlint/win32-arm64': 1.1.0
      '@oxlint/win32-x64': 1.1.0

  typescript@5.8.3: {}

  undici-types@6.21.0: {}
